
Microsoft Visual Studio Solution File, Format Version 12.00
# Visual Studio Version 17
VisualStudioVersion = 17.5.33516.290
MinimumVisualStudioVersion = 10.0.40219.1
Project("{FAE04EC0-301F-11D3-BF4B-00C04F79EFBC}") = "AppFlyout.Android", "AppFlyout.Android\AppFlyout.Android.csproj", "{871B9B38-F1DE-406D-8BC0-84C5241009FB}"
EndProject
Project("{FAE04EC0-301F-11D3-BF4B-00C04F79EFBC}") = "AppFlyout", "AppFlyout\AppFlyout.csproj", "{858666D5-AD4C-42A5-8A01-29EEA1930DAA}"
EndProject
Global
	GlobalSection(SolutionConfigurationPlatforms) = preSolution
		Debug|Any CPU = Debug|Any CPU
		Release|Any CPU = Release|Any CPU
	EndGlobalSection
	GlobalSection(ProjectConfigurationPlatforms) = postSolution
		{871B9B38-F1DE-406D-8BC0-84C5241009FB}.Debug|Any CPU.ActiveCfg = Debug|Any CPU
		{871B9B38-F1DE-406D-8BC0-84C5241009FB}.Debug|Any CPU.Build.0 = Debug|Any CPU
		{871B9B38-F1DE-406D-8BC0-84C5241009FB}.Debug|Any CPU.Deploy.0 = Debug|Any CPU
		{871B9B38-F1DE-406D-8BC0-84C5241009FB}.Release|Any CPU.ActiveCfg = Release|Any CPU
		{871B9B38-F1DE-406D-8BC0-84C5241009FB}.Release|Any CPU.Build.0 = Release|Any CPU
		{871B9B38-F1DE-406D-8BC0-84C5241009FB}.Release|Any CPU.Deploy.0 = Release|Any CPU
		{858666D5-AD4C-42A5-8A01-29EEA1930DAA}.Debug|Any CPU.ActiveCfg = Debug|Any CPU
		{858666D5-AD4C-42A5-8A01-29EEA1930DAA}.Debug|Any CPU.Build.0 = Debug|Any CPU
		{858666D5-AD4C-42A5-8A01-29EEA1930DAA}.Debug|Any CPU.Deploy.0 = Debug|Any CPU
		{858666D5-AD4C-42A5-8A01-29EEA1930DAA}.Release|Any CPU.ActiveCfg = Release|Any CPU
		{858666D5-AD4C-42A5-8A01-29EEA1930DAA}.Release|Any CPU.Build.0 = Release|Any CPU
		{858666D5-AD4C-42A5-8A01-29EEA1930DAA}.Release|Any CPU.Deploy.0 = Release|Any CPU
	EndGlobalSection
	GlobalSection(SolutionProperties) = preSolution
		HideSolutionNode = FALSE
	EndGlobalSection
	GlobalSection(ExtensibilityGlobals) = postSolution
		SolutionGuid = {1AF4E95E-A3F5-4C7C-A754-110BFB34DB5D}
	EndGlobalSection
EndGlobal
